// !$*UTF8*$!
{
	archiveVersion = 1;
	classes = {
	};
	objectVersion = 48;
	objects = {

/* Begin PBXBuildFile section */
		1A42A5621FD89907007546A8 /* AppDelegate.swift in Sources */ = {isa = PBXBuildFile; fileRef = 1A42A5611FD89907007546A8 /* AppDelegate.swift */; };
		1A42A5671FD89907007546A8 /* TwistSearchClient.xcdatamodeld in Sources */ = {isa = PBXBuildFile; fileRef = 1A42A5651FD89907007546A8 /* TwistSearchClient.xcdatamodeld */; };
		1A42A5691FD89907007546A8 /* Assets.xcassets in Resources */ = {isa = PBXBuildFile; fileRef = 1A42A5681FD89907007546A8 /* Assets.xcassets */; };
		1A42A5751FD899A9007546A8 /* LoginViewController.swift in Sources */ = {isa = PBXBuildFile; fileRef = 1A42A5741FD899A9007546A8 /* LoginViewController.swift */; };
		1A83E6C11FD95D70004119D0 /* Twist.swift in Sources */ = {isa = PBXBuildFile; fileRef = 1A83E6C01FD95D70004119D0 /* Twist.swift */; };
		1A89AD551FD96BFE00BCF800 /* Workspace+Parse.swift in Sources */ = {isa = PBXBuildFile; fileRef = 1A89AD541FD96BFE00BCF800 /* Workspace+Parse.swift */; };
		1A89AD5B1FD97A8A00BCF800 /* CoreDataWrapper.swift in Sources */ = {isa = PBXBuildFile; fileRef = 1A89AD5A1FD97A8A00BCF800 /* CoreDataWrapper.swift */; };
		1A89AD5D1FD9949500BCF800 /* SearchViewModel.swift in Sources */ = {isa = PBXBuildFile; fileRef = 1A89AD5C1FD9949500BCF800 /* SearchViewModel.swift */; };
		1A89AD5F1FD995B200BCF800 /* SearchViewController.xib in Resources */ = {isa = PBXBuildFile; fileRef = 1A89AD5E1FD995B200BCF800 /* SearchViewController.xib */; };
		1AE9558C1FD89F0F00E5E1A4 /* Login.swift in Sources */ = {isa = PBXBuildFile; fileRef = 1AE9558B1FD89F0F00E5E1A4 /* Login.swift */; };
		1AE9558E1FD89F8700E5E1A4 /* User.swift in Sources */ = {isa = PBXBuildFile; fileRef = 1AE9558D1FD89F8700E5E1A4 /* User.swift */; };
		1AE955901FD8B13300E5E1A4 /* LoginViewModel.swift in Sources */ = {isa = PBXBuildFile; fileRef = 1AE9558F1FD8B13300E5E1A4 /* LoginViewModel.swift */; };
		1AE955941FD936E900E5E1A4 /* LoginResult.swift in Sources */ = {isa = PBXBuildFile; fileRef = 1AE955931FD936E900E5E1A4 /* LoginResult.swift */; };
		1AE955981FD9381400E5E1A4 /* SearchViewController.swift in Sources */ = {isa = PBXBuildFile; fileRef = 1AE955971FD9381400E5E1A4 /* SearchViewController.swift */; };
		1AE9559A1FD93BA500E5E1A4 /* MainMenu.xib in Resources */ = {isa = PBXBuildFile; fileRef = 1AE955991FD93BA500E5E1A4 /* MainMenu.xib */; };
		1AE955B61FD93CA500E5E1A4 /* LoginViewController.xib in Resources */ = {isa = PBXBuildFile; fileRef = 1AE955B51FD93CA500E5E1A4 /* LoginViewController.xib */; };
		1AE955B81FD93DB200E5E1A4 /* NavigationService.swift in Sources */ = {isa = PBXBuildFile; fileRef = 1AE955B71FD93DB200E5E1A4 /* NavigationService.swift */; };
		1AE955BA1FD9418800E5E1A4 /* Credentials.plist in Resources */ = {isa = PBXBuildFile; fileRef = 1AE955B91FD9418800E5E1A4 /* Credentials.plist */; };
		5A35B45A01B3DD40D0EF60F5 /* Pods_TwistSearchClient.framework in Frameworks */ = {isa = PBXBuildFile; fileRef = F9F8611C14D231C9331AC0DF /* Pods_TwistSearchClient.framework */; };
/* End PBXBuildFile section */

/* Begin PBXFileReference section */
		1A42A55E1FD89907007546A8 /* TwistSearchClient.app */ = {isa = PBXFileReference; explicitFileType = wrapper.application; includeInIndex = 0; path = TwistSearchClient.app; sourceTree = BUILT_PRODUCTS_DIR; };
		1A42A5611FD89907007546A8 /* AppDelegate.swift */ = {isa = PBXFileReference; lastKnownFileType = sourcecode.swift; path = AppDelegate.swift; sourceTree = "<group>"; };
		1A42A5661FD89907007546A8 /* TwistSearchClient.xcdatamodel */ = {isa = PBXFileReference; lastKnownFileType = wrapper.xcdatamodel; path = TwistSearchClient.xcdatamodel; sourceTree = "<group>"; };
		1A42A5681FD89907007546A8 /* Assets.xcassets */ = {isa = PBXFileReference; lastKnownFileType = folder.assetcatalog; path = Assets.xcassets; sourceTree = "<group>"; };
		1A42A56D1FD89907007546A8 /* Info.plist */ = {isa = PBXFileReference; lastKnownFileType = text.plist.xml; path = Info.plist; sourceTree = "<group>"; };
		1A42A56E1FD89907007546A8 /* TwistSearchClient.entitlements */ = {isa = PBXFileReference; lastKnownFileType = text.plist.entitlements; path = TwistSearchClient.entitlements; sourceTree = "<group>"; };
		1A42A5741FD899A9007546A8 /* LoginViewController.swift */ = {isa = PBXFileReference; lastKnownFileType = sourcecode.swift; path = LoginViewController.swift; sourceTree = "<group>"; };
		1A83E6C01FD95D70004119D0 /* Twist.swift */ = {isa = PBXFileReference; lastKnownFileType = sourcecode.swift; path = Twist.swift; sourceTree = "<group>"; };
		1A83E6CE1FD9691C004119D0 /* CoreData.framework */ = {isa = PBXFileReference; lastKnownFileType = wrapper.framework; name = CoreData.framework; path = System/Library/Frameworks/CoreData.framework; sourceTree = SDKROOT; };
		1A89AD541FD96BFE00BCF800 /* Workspace+Parse.swift */ = {isa = PBXFileReference; lastKnownFileType = sourcecode.swift; path = "Workspace+Parse.swift"; sourceTree = "<group>"; };
		1A89AD5A1FD97A8A00BCF800 /* CoreDataWrapper.swift */ = {isa = PBXFileReference; lastKnownFileType = sourcecode.swift; path = CoreDataWrapper.swift; sourceTree = "<group>"; };
		1A89AD5C1FD9949500BCF800 /* SearchViewModel.swift */ = {isa = PBXFileReference; lastKnownFileType = sourcecode.swift; path = SearchViewModel.swift; sourceTree = "<group>"; };
		1A89AD5E1FD995B200BCF800 /* SearchViewController.xib */ = {isa = PBXFileReference; lastKnownFileType = file.xib; path = SearchViewController.xib; sourceTree = "<group>"; };
		1AE9558B1FD89F0F00E5E1A4 /* Login.swift */ = {isa = PBXFileReference; lastKnownFileType = sourcecode.swift; path = Login.swift; sourceTree = "<group>"; };
		1AE9558D1FD89F8700E5E1A4 /* User.swift */ = {isa = PBXFileReference; lastKnownFileType = sourcecode.swift; path = User.swift; sourceTree = "<group>"; };
		1AE9558F1FD8B13300E5E1A4 /* LoginViewModel.swift */ = {isa = PBXFileReference; lastKnownFileType = sourcecode.swift; path = LoginViewModel.swift; sourceTree = "<group>"; };
		1AE955931FD936E900E5E1A4 /* LoginResult.swift */ = {isa = PBXFileReference; lastKnownFileType = sourcecode.swift; path = LoginResult.swift; sourceTree = "<group>"; };
		1AE955971FD9381400E5E1A4 /* SearchViewController.swift */ = {isa = PBXFileReference; lastKnownFileType = sourcecode.swift; path = SearchViewController.swift; sourceTree = "<group>"; };
		1AE955991FD93BA500E5E1A4 /* MainMenu.xib */ = {isa = PBXFileReference; lastKnownFileType = file.xib; path = MainMenu.xib; sourceTree = "<group>"; };
		1AE955B51FD93CA500E5E1A4 /* LoginViewController.xib */ = {isa = PBXFileReference; lastKnownFileType = file.xib; path = LoginViewController.xib; sourceTree = "<group>"; };
		1AE955B71FD93DB200E5E1A4 /* NavigationService.swift */ = {isa = PBXFileReference; lastKnownFileType = sourcecode.swift; path = NavigationService.swift; sourceTree = "<group>"; };
		1AE955B91FD9418800E5E1A4 /* Credentials.plist */ = {isa = PBXFileReference; lastKnownFileType = text.plist.xml; path = Credentials.plist; sourceTree = "<group>"; };
		A2433B165E004C54D913EA5C /* Pods-TwistSearchClient.release.xcconfig */ = {isa = PBXFileReference; includeInIndex = 1; lastKnownFileType = text.xcconfig; name = "Pods-TwistSearchClient.release.xcconfig"; path = "Pods/Target Support Files/Pods-TwistSearchClient/Pods-TwistSearchClient.release.xcconfig"; sourceTree = "<group>"; };
		EAA76B031F90C9525D2C30D3 /* Pods-TwistSearchClient.debug.xcconfig */ = {isa = PBXFileReference; includeInIndex = 1; lastKnownFileType = text.xcconfig; name = "Pods-TwistSearchClient.debug.xcconfig"; path = "Pods/Target Support Files/Pods-TwistSearchClient/Pods-TwistSearchClient.debug.xcconfig"; sourceTree = "<group>"; };
		F9F8611C14D231C9331AC0DF /* Pods_TwistSearchClient.framework */ = {isa = PBXFileReference; explicitFileType = wrapper.framework; includeInIndex = 0; path = Pods_TwistSearchClient.framework; sourceTree = BUILT_PRODUCTS_DIR; };
/* End PBXFileReference section */

/* Begin PBXFrameworksBuildPhase section */
		1A42A55B1FD89907007546A8 /* Frameworks */ = {
			isa = PBXFrameworksBuildPhase;
			buildActionMask = 2147483647;
			files = (
				5A35B45A01B3DD40D0EF60F5 /* Pods_TwistSearchClient.framework in Frameworks */,
			);
			runOnlyForDeploymentPostprocessing = 0;
		};
/* End PBXFrameworksBuildPhase section */

/* Begin PBXGroup section */
		1804504DAB421C2D01226865 /* Pods */ = {
			isa = PBXGroup;
			children = (
				EAA76B031F90C9525D2C30D3 /* Pods-TwistSearchClient.debug.xcconfig */,
				A2433B165E004C54D913EA5C /* Pods-TwistSearchClient.release.xcconfig */,
			);
			name = Pods;
			sourceTree = "<group>";
		};
		1A42A5551FD89907007546A8 = {
			isa = PBXGroup;
			children = (
				1A42A5601FD89907007546A8 /* TwistSearchClient */,
				85C22B068230B421A96E0600 /* Frameworks */,
				1804504DAB421C2D01226865 /* Pods */,
				1A42A55F1FD89907007546A8 /* Products */,
			);
			sourceTree = "<group>";
		};
		1A42A55F1FD89907007546A8 /* Products */ = {
			isa = PBXGroup;
			children = (
				1A42A55E1FD89907007546A8 /* TwistSearchClient.app */,
			);
			name = Products;
			sourceTree = "<group>";
		};
		1A42A5601FD89907007546A8 /* TwistSearchClient */ = {
			isa = PBXGroup;
			children = (
				1A83E6C31FD968DC004119D0 /* Model */,
				1AE955B71FD93DB200E5E1A4 /* NavigationService.swift */,
				1AE955991FD93BA500E5E1A4 /* MainMenu.xib */,
				1AE955961FD937D700E5E1A4 /* Search */,
				1AE955951FD937B200E5E1A4 /* Login */,
				1A42A5611FD89907007546A8 /* AppDelegate.swift */,
				1A42A5681FD89907007546A8 /* Assets.xcassets */,
				1A42A56D1FD89907007546A8 /* Info.plist */,
				1A42A56E1FD89907007546A8 /* TwistSearchClient.entitlements */,
			);
			path = TwistSearchClient;
			sourceTree = "<group>";
		};
		1A83E6C31FD968DC004119D0 /* Model */ = {
			isa = PBXGroup;
			children = (
				1A42A5651FD89907007546A8 /* TwistSearchClient.xcdatamodeld */,
				1A89AD541FD96BFE00BCF800 /* Workspace+Parse.swift */,
				1A89AD5A1FD97A8A00BCF800 /* CoreDataWrapper.swift */,
			);
			path = Model;
			sourceTree = "<group>";
		};
		1AE955951FD937B200E5E1A4 /* Login */ = {
			isa = PBXGroup;
			children = (
				1AE9558D1FD89F8700E5E1A4 /* User.swift */,
				1A42A5741FD899A9007546A8 /* LoginViewController.swift */,
				1AE9558B1FD89F0F00E5E1A4 /* Login.swift */,
				1AE9558F1FD8B13300E5E1A4 /* LoginViewModel.swift */,
				1AE955931FD936E900E5E1A4 /* LoginResult.swift */,
				1AE955B51FD93CA500E5E1A4 /* LoginViewController.xib */,
				1AE955B91FD9418800E5E1A4 /* Credentials.plist */,
			);
			path = Login;
			sourceTree = "<group>";
		};
		1AE955961FD937D700E5E1A4 /* Search */ = {
			isa = PBXGroup;
			children = (
				1AE955971FD9381400E5E1A4 /* SearchViewController.swift */,
				1A83E6C01FD95D70004119D0 /* Twist.swift */,
				1A89AD5C1FD9949500BCF800 /* SearchViewModel.swift */,
				1A89AD5E1FD995B200BCF800 /* SearchViewController.xib */,
			);
			path = Search;
			sourceTree = "<group>";
		};
		85C22B068230B421A96E0600 /* Frameworks */ = {
			isa = PBXGroup;
			children = (
				1A83E6CE1FD9691C004119D0 /* CoreData.framework */,
				F9F8611C14D231C9331AC0DF /* Pods_TwistSearchClient.framework */,
			);
			name = Frameworks;
			sourceTree = "<group>";
		};
/* End PBXGroup section */

/* Begin PBXNativeTarget section */
		1A42A55D1FD89907007546A8 /* TwistSearchClient */ = {
			isa = PBXNativeTarget;
			buildConfigurationList = 1A42A5711FD89907007546A8 /* Build configuration list for PBXNativeTarget "TwistSearchClient" */;
			buildPhases = (
				7222CC4BA6F35403DDD74AA9 /* [CP] Check Pods Manifest.lock */,
				1A42A55A1FD89907007546A8 /* Sources */,
				1A42A55B1FD89907007546A8 /* Frameworks */,
				1A42A55C1FD89907007546A8 /* Resources */,
				75119262C53A96D18BD0A861 /* [CP] Embed Pods Frameworks */,
				D50BBC1AA7928F8D98A26850 /* [CP] Copy Pods Resources */,
			);
			buildRules = (
			);
			dependencies = (
			);
			name = TwistSearchClient;
			productName = TwistSearchClient;
			productReference = 1A42A55E1FD89907007546A8 /* TwistSearchClient.app */;
			productType = "com.apple.product-type.application";
		};
/* End PBXNativeTarget section */

/* Begin PBXProject section */
		1A42A5561FD89907007546A8 /* Project object */ = {
			isa = PBXProject;
			attributes = {
				LastSwiftUpdateCheck = 0910;
				LastUpgradeCheck = 0910;
				ORGANIZATIONNAME = "Five Dollar Milkshake";
				TargetAttributes = {
					1A42A55D1FD89907007546A8 = {
						CreatedOnToolsVersion = 9.1;
						ProvisioningStyle = Automatic;
					};
				};
			};
			buildConfigurationList = 1A42A5591FD89907007546A8 /* Build configuration list for PBXProject "TwistSearchClient" */;
			compatibilityVersion = "Xcode 8.0";
			developmentRegion = en;
			hasScannedForEncodings = 0;
			knownRegions = (
				en,
				Base,
			);
			mainGroup = 1A42A5551FD89907007546A8;
			productRefGroup = 1A42A55F1FD89907007546A8 /* Products */;
			projectDirPath = "";
			projectRoot = "";
			targets = (
				1A42A55D1FD89907007546A8 /* TwistSearchClient */,
			);
		};
/* End PBXProject section */

/* Begin PBXResourcesBuildPhase section */
		1A42A55C1FD89907007546A8 /* Resources */ = {
			isa = PBXResourcesBuildPhase;
			buildActionMask = 2147483647;
			files = (
				1AE955B61FD93CA500E5E1A4 /* LoginViewController.xib in Resources */,
				1A42A5691FD89907007546A8 /* Assets.xcassets in Resources */,
				1AE955BA1FD9418800E5E1A4 /* Credentials.plist in Resources */,
				1A89AD5F1FD995B200BCF800 /* SearchViewController.xib in Resources */,
				1AE9559A1FD93BA500E5E1A4 /* MainMenu.xib in Resources */,
			);
			runOnlyForDeploymentPostprocessing = 0;
		};
/* End PBXResourcesBuildPhase section */

/* Begin PBXShellScriptBuildPhase section */
		7222CC4BA6F35403DDD74AA9 /* [CP] Check Pods Manifest.lock */ = {
			isa = PBXShellScriptBuildPhase;
			buildActionMask = 2147483647;
			files = (
			);
			inputPaths = (
				"${PODS_PODFILE_DIR_PATH}/Podfile.lock",
				"${PODS_ROOT}/Manifest.lock",
			);
			name = "[CP] Check Pods Manifest.lock";
			outputPaths = (
				"$(DERIVED_FILE_DIR)/Pods-TwistSearchClient-checkManifestLockResult.txt",
			);
			runOnlyForDeploymentPostprocessing = 0;
			shellPath = /bin/sh;
			shellScript = "diff \"${PODS_PODFILE_DIR_PATH}/Podfile.lock\" \"${PODS_ROOT}/Manifest.lock\" > /dev/null\nif [ $? != 0 ] ; then\n    # print error to STDERR\n    echo \"error: The sandbox is not in sync with the Podfile.lock. Run 'pod install' or update your CocoaPods installation.\" >&2\n    exit 1\nfi\n# This output is used by Xcode 'outputs' to avoid re-running this script phase.\necho \"SUCCESS\" > \"${SCRIPT_OUTPUT_FILE_0}\"\n";
			showEnvVarsInLog = 0;
		};
		75119262C53A96D18BD0A861 /* [CP] Embed Pods Frameworks */ = {
			isa = PBXShellScriptBuildPhase;
			buildActionMask = 2147483647;
			files = (
			);
			inputPaths = (
				"${SRCROOT}/Pods/Target Support Files/Pods-TwistSearchClient/Pods-TwistSearchClient-frameworks.sh",
				"${BUILT_PRODUCTS_DIR}/RxCocoa/RxCocoa.framework",
				"${BUILT_PRODUCTS_DIR}/RxSwift/RxSwift.framework",
			);
			name = "[CP] Embed Pods Frameworks";
			outputPaths = (
				"${TARGET_BUILD_DIR}/${FRAMEWORKS_FOLDER_PATH}/RxCocoa.framework",
				"${TARGET_BUILD_DIR}/${FRAMEWORKS_FOLDER_PATH}/RxSwift.framework",
			);
			runOnlyForDeploymentPostprocessing = 0;
			shellPath = /bin/sh;
			shellScript = "\"${SRCROOT}/Pods/Target Support Files/Pods-TwistSearchClient/Pods-TwistSearchClient-frameworks.sh\"\n";
			showEnvVarsInLog = 0;
		};
		D50BBC1AA7928F8D98A26850 /* [CP] Copy Pods Resources */ = {
			isa = PBXShellScriptBuildPhase;
			buildActionMask = 2147483647;
			files = (
			);
			inputPaths = (
			);
			name = "[CP] Copy Pods Resources";
			outputPaths = (
			);
			runOnlyForDeploymentPostprocessing = 0;
			shellPath = /bin/sh;
			shellScript = "\"${SRCROOT}/Pods/Target Support Files/Pods-TwistSearchClient/Pods-TwistSearchClient-resources.sh\"\n";
			showEnvVarsInLog = 0;
		};
/* End PBXShellScriptBuildPhase section */

/* Begin PBXSourcesBuildPhase section */
		1A42A55A1FD89907007546A8 /* Sources */ = {
			isa = PBXSourcesBuildPhase;
			buildActionMask = 2147483647;
			files = (
				1A42A5751FD899A9007546A8 /* LoginViewController.swift in Sources */,
				1AE955B81FD93DB200E5E1A4 /* NavigationService.swift in Sources */,
				1AE9558C1FD89F0F00E5E1A4 /* Login.swift in Sources */,
				1AE955981FD9381400E5E1A4 /* SearchViewController.swift in Sources */,
				1AE9558E1FD89F8700E5E1A4 /* User.swift in Sources */,
				1A89AD5D1FD9949500BCF800 /* SearchViewModel.swift in Sources */,
				1A42A5671FD89907007546A8 /* TwistSearchClient.xcdatamodeld in Sources */,
				1AE955941FD936E900E5E1A4 /* LoginResult.swift in Sources */,
				1A83E6C11FD95D70004119D0 /* Twist.swift in Sources */,
				1A89AD5B1FD97A8A00BCF800 /* CoreDataWrapper.swift in Sources */,
				1A42A5621FD89907007546A8 /* AppDelegate.swift in Sources */,
				1AE955901FD8B13300E5E1A4 /* LoginViewModel.swift in Sources */,
				1A89AD551FD96BFE00BCF800 /* Workspace+Parse.swift in Sources */,
			);
			runOnlyForDeploymentPostprocessing = 0;
		};
/* End PBXSourcesBuildPhase section */

/* Begin XCBuildConfiguration section */
		1A42A56F1FD89907007546A8 /* Debug */ = {
			isa = XCBuildConfiguration;
			buildSettings = {
				ALWAYS_SEARCH_USER_PATHS = NO;
				CLANG_ANALYZER_NONNULL = YES;
				CLANG_ANALYZER_NUMBER_OBJECT_CONVERSION = YES_AGGRESSIVE;
				CLANG_CXX_LANGUAGE_STANDARD = "gnu++14";
				CLANG_CXX_LIBRARY = "libc++";
				CLANG_ENABLE_MODULES = YES;
				CLANG_ENABLE_OBJC_ARC = YES;
				CLANG_WARN_BLOCK_CAPTURE_AUTORELEASING = YES;
				CLANG_WARN_BOOL_CONVERSION = YES;
				CLANG_WARN_COMMA = YES;
				CLANG_WARN_CONSTANT_CONVERSION = YES;
				CLANG_WARN_DIRECT_OBJC_ISA_USAGE = YES_ERROR;
				CLANG_WARN_DOCUMENTATION_COMMENTS = YES;
				CLANG_WARN_EMPTY_BODY = YES;
				CLANG_WARN_ENUM_CONVERSION = YES;
				CLANG_WARN_INFINITE_RECURSION = YES;
				CLANG_WARN_INT_CONVERSION = YES;
				CLANG_WARN_NON_LITERAL_NULL_CONVERSION = YES;
				CLANG_WARN_OBJC_LITERAL_CONVERSION = YES;
				CLANG_WARN_OBJC_ROOT_CLASS = YES_ERROR;
				CLANG_WARN_RANGE_LOOP_ANALYSIS = YES;
				CLANG_WARN_STRICT_PROTOTYPES = YES;
				CLANG_WARN_SUSPICIOUS_MOVE = YES;
				CLANG_WARN_UNGUARDED_AVAILABILITY = YES_AGGRESSIVE;
				CLANG_WARN_UNREACHABLE_CODE = YES;
				CLANG_WARN__DUPLICATE_METHOD_MATCH = YES;
				CODE_SIGN_IDENTITY = "Mac Developer";
				COPY_PHASE_STRIP = NO;
				DEBUG_INFORMATION_FORMAT = dwarf;
				ENABLE_STRICT_OBJC_MSGSEND = YES;
				ENABLE_TESTABILITY = YES;
				GCC_C_LANGUAGE_STANDARD = gnu11;
				GCC_DYNAMIC_NO_PIC = NO;
				GCC_NO_COMMON_BLOCKS = YES;
				GCC_OPTIMIZATION_LEVEL = 0;
				GCC_PREPROCESSOR_DEFINITIONS = (
					"DEBUG=1",
					"$(inherited)",
				);
				GCC_WARN_64_TO_32_BIT_CONVERSION = YES;
				GCC_WARN_ABOUT_RETURN_TYPE = YES_ERROR;
				GCC_WARN_UNDECLARED_SELECTOR = YES;
				GCC_WARN_UNINITIALIZED_AUTOS = YES_AGGRESSIVE;
				GCC_WARN_UNUSED_FUNCTION = YES;
				GCC_WARN_UNUSED_VARIABLE = YES;
				MACOSX_DEPLOYMENT_TARGET = 10.13;
				MTL_ENABLE_DEBUG_INFO = YES;
				ONLY_ACTIVE_ARCH = YES;
				SDKROOT = macosx;
				SWIFT_ACTIVE_COMPILATION_CONDITIONS = DEBUG;
				SWIFT_OPTIMIZATION_LEVEL = "-Onone";
			};
			name = Debug;
		};
		1A42A5701FD89907007546A8 /* Release */ = {
			isa = XCBuildConfiguration;
			buildSettings = {
				ALWAYS_SEARCH_USER_PATHS = NO;
				CLANG_ANALYZER_NONNULL = YES;
				CLANG_ANALYZER_NUMBER_OBJECT_CONVERSION = YES_AGGRESSIVE;
				CLANG_CXX_LANGUAGE_STANDARD = "gnu++14";
				CLANG_CXX_LIBRARY = "libc++";
				CLANG_ENABLE_MODULES = YES;
				CLANG_ENABLE_OBJC_ARC = YES;
				CLANG_WARN_BLOCK_CAPTURE_AUTORELEASING = YES;
				CLANG_WARN_BOOL_CONVERSION = YES;
				CLANG_WARN_COMMA = YES;
				CLANG_WARN_CONSTANT_CONVERSION = YES;
				CLANG_WARN_DIRECT_OBJC_ISA_USAGE = YES_ERROR;
				CLANG_WARN_DOCUMENTATION_COMMENTS = YES;
				CLANG_WARN_EMPTY_BODY = YES;
				CLANG_WARN_ENUM_CONVERSION = YES;
				CLANG_WARN_INFINITE_RECURSION = YES;
				CLANG_WARN_INT_CONVERSION = YES;
				CLANG_WARN_NON_LITERAL_NULL_CONVERSION = YES;
				CLANG_WARN_OBJC_LITERAL_CONVERSION = YES;
				CLANG_WARN_OBJC_ROOT_CLASS = YES_ERROR;
				CLANG_WARN_RANGE_LOOP_ANALYSIS = YES;
				CLANG_WARN_STRICT_PROTOTYPES = YES;
				CLANG_WARN_SUSPICIOUS_MOVE = YES;
				CLANG_WARN_UNGUARDED_AVAILABILITY = YES_AGGRESSIVE;
				CLANG_WARN_UNREACHABLE_CODE = YES;
				CLANG_WARN__DUPLICATE_METHOD_MATCH = YES;
				CODE_SIGN_IDENTITY = "Mac Developer";
				COPY_PHASE_STRIP = NO;
				DEBUG_INFORMATION_FORMAT = "dwarf-with-dsym";
				ENABLE_NS_ASSERTIONS = NO;
				ENABLE_STRICT_OBJC_MSGSEND = YES;
				GCC_C_LANGUAGE_STANDARD = gnu11;
				GCC_NO_COMMON_BLOCKS = YES;
				GCC_WARN_64_TO_32_BIT_CONVERSION = YES;
				GCC_WARN_ABOUT_RETURN_TYPE = YES_ERROR;
				GCC_WARN_UNDECLARED_SELECTOR = YES;
				GCC_WARN_UNINITIALIZED_AUTOS = YES_AGGRESSIVE;
				GCC_WARN_UNUSED_FUNCTION = YES;
				GCC_WARN_UNUSED_VARIABLE = YES;
				MACOSX_DEPLOYMENT_TARGET = 10.13;
				MTL_ENABLE_DEBUG_INFO = NO;
				SDKROOT = macosx;
				SWIFT_OPTIMIZATION_LEVEL = "-Owholemodule";
			};
			name = Release;
		};
		1A42A5721FD89907007546A8 /* Debug */ = {
			isa = XCBuildConfiguration;
			baseConfigurationReference = EAA76B031F90C9525D2C30D3 /* Pods-TwistSearchClient.debug.xcconfig */;
			buildSettings = {
				ASSETCATALOG_COMPILER_APPICON_NAME = AppIcon;
				CODE_SIGN_ENTITLEMENTS = TwistSearchClient/TwistSearchClient.entitlements;
				CODE_SIGN_STYLE = Automatic;
				COMBINE_HIDPI_IMAGES = YES;
				DEVELOPMENT_TEAM = 75229RW62T;
				INFOPLIST_FILE = TwistSearchClient/Info.plist;
				LD_RUNPATH_SEARCH_PATHS = "$(inherited) @executable_path/../Frameworks";
				PRODUCT_BUNDLE_IDENTIFIER = com.fivedollarmilkshake.TwistSearchClient;
				PRODUCT_NAME = "$(TARGET_NAME)";
				SWIFT_VERSION = 4.0;
			};
			name = Debug;
		};
		1A42A5731FD89907007546A8 /* Release */ = {
			isa = XCBuildConfiguration;
			baseConfigurationReference = A2433B165E004C54D913EA5C /* Pods-TwistSearchClient.release.xcconfig */;
			buildSettings = {
				ASSETCATALOG_COMPILER_APPICON_NAME = AppIcon;
				CODE_SIGN_ENTITLEMENTS = TwistSearchClient/TwistSearchClient.entitlements;
				CODE_SIGN_STYLE = Automatic;
				COMBINE_HIDPI_IMAGES = YES;
				DEVELOPMENT_TEAM = 75229RW62T;
				INFOPLIST_FILE = TwistSearchClient/Info.plist;
				LD_RUNPATH_SEARCH_PATHS = "$(inherited) @executable_path/../Frameworks";
				PRODUCT_BUNDLE_IDENTIFIER = com.fivedollarmilkshake.TwistSearchClient;
				PRODUCT_NAME = "$(TARGET_NAME)";
				SWIFT_VERSION = 4.0;
			};
			name = Release;
		};
/* End XCBuildConfiguration section */

/* Begin XCConfigurationList section */
		1A42A5591FD89907007546A8 /* Build configuration list for PBXProject "TwistSearchClient" */ = {
			isa = XCConfigurationList;
			buildConfigurations = (
				1A42A56F1FD89907007546A8 /* Debug */,
				1A42A5701FD89907007546A8 /* Release */,
			);
			defaultConfigurationIsVisible = 0;
			defaultConfigurationName = Release;
		};
		1A42A5711FD89907007546A8 /* Build configuration list for PBXNativeTarget "TwistSearchClient" */ = {
			isa = XCConfigurationList;
			buildConfigurations = (
				1A42A5721FD89907007546A8 /* Debug */,
				1A42A5731FD89907007546A8 /* Release */,
			);
			defaultConfigurationIsVisible = 0;
			defaultConfigurationName = Release;
		};
/* End XCConfigurationList section */

/* Begin XCVersionGroup section */
		1A42A5651FD89907007546A8 /* TwistSearchClient.xcdatamodeld */ = {
			isa = XCVersionGroup;
			children = (
				1A42A5661FD89907007546A8 /* TwistSearchClient.xcdatamodel */,
			);
			currentVersion = 1A42A5661FD89907007546A8 /* TwistSearchClient.xcdatamodel */;
			path = TwistSearchClient.xcdatamodeld;
			sourceTree = "<group>";
			versionGroupType = wrapper.xcdatamodel;
		};
/* End XCVersionGroup section */
	};
	rootObject = 1A42A5561FD89907007546A8 /* Project object */;
}
